
Microsoft Visual Studio Solution File, Format Version 12.00
# Visual Studio Version 17
VisualStudioVersion = 17.5.002.0
MinimumVisualStudioVersion = 10.0.40219.1
Project("{9A19103F-16F7-4668-BE54-9A1E7A4F7556}") = "super-sql-app", "super-sql-app.csproj", "{5C6642F3-B51F-4775-A86F-78DFF3FF9168}"
EndProject
Global
	GlobalSection(SolutionConfigurationPlatforms) = preSolution
		Debug|Any CPU = Debug|Any CPU
		Release|Any CPU = Release|Any CPU
	EndGlobalSection
	GlobalSection(ProjectConfigurationPlatforms) = postSolution
		{5C6642F3-B51F-4775-A86F-78DFF3FF9168}.Debug|Any CPU.ActiveCfg = Debug|Any CPU
		{5C6642F3-B51F-4775-A86F-78DFF3FF9168}.Debug|Any CPU.Build.0 = Debug|Any CPU
		{5C6642F3-B51F-4775-A86F-78DFF3FF9168}.Release|Any CPU.ActiveCfg = Release|Any CPU
		{5C6642F3-B51F-4775-A86F-78DFF3FF9168}.Release|Any CPU.Build.0 = Release|Any CPU
	EndGlobalSection
	GlobalSection(SolutionProperties) = preSolution
		HideSolutionNode = FALSE
	EndGlobalSection
	GlobalSection(ExtensibilityGlobals) = postSolution
		SolutionGuid = {12C60989-F4D1-4847-A6E8-5ADFC529A1E3}
	EndGlobalSection
EndGlobal
